
Microsoft Visual Studio Solution File, Format Version 12.00
Project("{FAE04EC0-301F-11D3-BF4B-00C04F79EFBC}") = "FakePI.Lib", "FakePI.Lib\FakePI.Lib.csproj", "{AD993234-7598-4900-9E9E-B5A7959E0227}"
EndProject
Project("{FAE04EC0-301F-11D3-BF4B-00C04F79EFBC}") = "FakePI.Web", "FakePI.Web\FakePI.Web.csproj", "{C958E979-C13B-42F8-B44B-2C9FE0806E9D}"
EndProject
Project("{FAE04EC0-301F-11D3-BF4B-00C04F79EFBC}") = "FakePI.Lib.Test", "FakePI.Lib.Test\FakePI.Lib.Test.csproj", "{BDBABC0F-5F0A-425A-9558-4DF76FD9AA67}"
EndProject
Global
	GlobalSection(SolutionConfigurationPlatforms) = preSolution
		Debug|Any CPU = Debug|Any CPU
		Release|Any CPU = Release|Any CPU
	EndGlobalSection
	GlobalSection(ProjectConfigurationPlatforms) = postSolution
		{AD993234-7598-4900-9E9E-B5A7959E0227}.Debug|Any CPU.ActiveCfg = Debug|Any CPU
		{AD993234-7598-4900-9E9E-B5A7959E0227}.Debug|Any CPU.Build.0 = Debug|Any CPU
		{AD993234-7598-4900-9E9E-B5A7959E0227}.Release|Any CPU.ActiveCfg = Release|Any CPU
		{AD993234-7598-4900-9E9E-B5A7959E0227}.Release|Any CPU.Build.0 = Release|Any CPU
		{C958E979-C13B-42F8-B44B-2C9FE0806E9D}.Debug|Any CPU.ActiveCfg = Debug|Any CPU
		{C958E979-C13B-42F8-B44B-2C9FE0806E9D}.Debug|Any CPU.Build.0 = Debug|Any CPU
		{C958E979-C13B-42F8-B44B-2C9FE0806E9D}.Release|Any CPU.ActiveCfg = Release|Any CPU
		{C958E979-C13B-42F8-B44B-2C9FE0806E9D}.Release|Any CPU.Build.0 = Release|Any CPU
		{BDBABC0F-5F0A-425A-9558-4DF76FD9AA67}.Debug|Any CPU.ActiveCfg = Debug|Any CPU
		{BDBABC0F-5F0A-425A-9558-4DF76FD9AA67}.Debug|Any CPU.Build.0 = Debug|Any CPU
		{BDBABC0F-5F0A-425A-9558-4DF76FD9AA67}.Release|Any CPU.ActiveCfg = Release|Any CPU
		{BDBABC0F-5F0A-425A-9558-4DF76FD9AA67}.Release|Any CPU.Build.0 = Release|Any CPU
	EndGlobalSection
EndGlobal
